Microsoft Visual Studio Solution File, Format Version 12.00
# Visual Studio Version 17
VisualStudioVersion = 17.5.2.0
MinimumVisualStudioVersion = 10.0.40219.1
Project("{FAE04EC0-301F-11D3-BF4B-00C04F79EFBC}") = "SendgridParquetViewer", "SendgridParquetViewer.csproj", "{B7A21B6B-348A-49EC-A3BA-7B06A14166BB}"
EndProject
Global
	GlobalSection(SolutionConfigurationPlatforms) = preSolution
		Debug|Any CPU = Debug|Any CPU
		Release|Any CPU = Release|Any CPU
	EndGlobalSection
	GlobalSection(ProjectConfigurationPlatforms) = postSolution
		{B7A21B6B-348A-49EC-A3BA-7B06A14166BB}.Debug|Any CPU.ActiveCfg = Debug|Any CPU
		{B7A21B6B-348A-49EC-A3BA-7B06A14166BB}.Debug|Any CPU.Build.0 = Debug|Any CPU
		{B7A21B6B-348A-49EC-A3BA-7B06A14166BB}.Release|Any CPU.ActiveCfg = Release|Any CPU
		{B7A21B6B-348A-49EC-A3BA-7B06A14166BB}.Release|Any CPU.Build.0 = Release|Any CPU
	EndGlobalSection
	GlobalSection(SolutionProperties) = preSolution
		HideSolutionNode = FALSE
	EndGlobalSection
	GlobalSection(ExtensibilityGlobals) = postSolution
		SolutionGuid = {46B4B109-2BF0-4C7A-A112-C54D3E605AFC}
	EndGlobalSection
EndGlobal
